// !$*UTF8*$!
{
	archiveVersion = 1;
	classes = {
	};
	objectVersion = 46;
	objects = {

/* Begin PBXBuildFile section */
		991531F289B8C02852E4107D /* libPods-BrainStormer.a in Frameworks */ = {isa = PBXBuildFile; fileRef = D4F493E97EF786D3E9D444C1 /* libPods-BrainStormer.a */; };
		BD11C3931F521D2200DDA188 /* AVOSCloudUtils.m in Sources */ = {isa = PBXBuildFile; fileRef = BD11C3921F521D2200DDA188 /* AVOSCloudUtils.m */; };
		BD11C3961F521D5600DDA188 /* ChatKitUtils.m in Sources */ = {isa = PBXBuildFile; fileRef = BD11C3951F521D5600DDA188 /* ChatKitUtils.m */; };
		BD11C3A01F523C2F00DDA188 /* BrainStormEntity.m in Sources */ = {isa = PBXBuildFile; fileRef = BD11C39F1F523C2F00DDA188 /* BrainStormEntity.m */; };
		BD2DE7EE1D9EA75700F33477 /* main.m in Sources */ = {isa = PBXBuildFile; fileRef = BD2DE7ED1D9EA75700F33477 /* main.m */; };
		BD2DE7F11D9EA75700F33477 /* AppDelegate.m in Sources */ = {isa = PBXBuildFile; fileRef = BD2DE7F01D9EA75700F33477 /* AppDelegate.m */; };
		BD2DE7F71D9EA75700F33477 /* Main.storyboard in Resources */ = {isa = PBXBuildFile; fileRef = BD2DE7F51D9EA75700F33477 /* Main.storyboard */; };
		BD2DE7F91D9EA75700F33477 /* Assets.xcassets in Resources */ = {isa = PBXBuildFile; fileRef = BD2DE7F81D9EA75700F33477 /* Assets.xcassets */; };
		BD2DE7FC1D9EA75700F33477 /* LaunchScreen.storyboard in Resources */ = {isa = PBXBuildFile; fileRef = BD2DE7FA1D9EA75700F33477 /* LaunchScreen.storyboard */; };
		BD2DE8071D9EA75700F33477 /* BrainStormerTests.m in Sources */ = {isa = PBXBuildFile; fileRef = BD2DE8061D9EA75700F33477 /* BrainStormerTests.m */; };
		BD2DE8121D9EA75700F33477 /* BrainStormerUITests.m in Sources */ = {isa = PBXBuildFile; fileRef = BD2DE8111D9EA75700F33477 /* BrainStormerUITests.m */; };
		BD2DE8281D9EA8ED00F33477 /* LoginViewController.m in Sources */ = {isa = PBXBuildFile; fileRef = BD2DE8271D9EA8ED00F33477 /* LoginViewController.m */; };
		BD2DE82D1D9ED0BB00F33477 /* brainstorm.jpg in Resources */ = {isa = PBXBuildFile; fileRef = BD2DE82C1D9ED0BB00F33477 /* brainstorm.jpg */; };
		BD55F0CA1D9FDE9E00D3D2DF /* CreatGroupViewController.m in Sources */ = {isa = PBXBuildFile; fileRef = BD55F0C91D9FDE9E00D3D2DF /* CreatGroupViewController.m */; };
		BD55F0E01DA03F4700D3D2DF /* AddGroupTableViewController.m in Sources */ = {isa = PBXBuildFile; fileRef = BD55F0DF1DA03F4700D3D2DF /* AddGroupTableViewController.m */; };
		BD55F0E61DA0406D00D3D2DF /* GroupListViewController.m in Sources */ = {isa = PBXBuildFile; fileRef = BD55F0E51DA0406D00D3D2DF /* GroupListViewController.m */; };
		BD55F0F61DA159A600D3D2DF /* InviteTableViewCell.m in Sources */ = {isa = PBXBuildFile; fileRef = BD55F0F41DA159A600D3D2DF /* InviteTableViewCell.m */; };
		BD55F0F71DA159A600D3D2DF /* InviteTableViewCell.xib in Resources */ = {isa = PBXBuildFile; fileRef = BD55F0F51DA159A600D3D2DF /* InviteTableViewCell.xib */; };
		BD55F0FA1DA15B6A00D3D2DF /* InviteTableViewController.m in Sources */ = {isa = PBXBuildFile; fileRef = BD55F0F91DA15B6A00D3D2DF /* InviteTableViewController.m */; };
		BD55F0FC1DA1693B00D3D2DF /* invited.png in Resources */ = {isa = PBXBuildFile; fileRef = BD55F0FB1DA1693B00D3D2DF /* invited.png */; };
		BD55F0FF1DA195F400D3D2DF /* LCCKUser.m in Sources */ = {isa = PBXBuildFile; fileRef = BD55F0FE1DA195F400D3D2DF /* LCCKUser.m */; };
		BD55F1031DA2EE8500D3D2DF /* InvitationLetterViewCell.m in Sources */ = {isa = PBXBuildFile; fileRef = BD55F1011DA2EE8500D3D2DF /* InvitationLetterViewCell.m */; };
		BD55F1041DA2EE8500D3D2DF /* InvitationLetterViewCell.xib in Resources */ = {isa = PBXBuildFile; fileRef = BD55F1021DA2EE8500D3D2DF /* InvitationLetterViewCell.xib */; };
		BD55F1071DA2EF7400D3D2DF /* no.png in Resources */ = {isa = PBXBuildFile; fileRef = BD55F1051DA2EF7400D3D2DF /* no.png */; };
		BD55F1081DA2EF7400D3D2DF /* yes.png in Resources */ = {isa = PBXBuildFile; fileRef = BD55F1061DA2EF7400D3D2DF /* yes.png */; };
		BD55F10A1DA3012A00D3D2DF /* bulb.png in Resources */ = {isa = PBXBuildFile; fileRef = BD55F1091DA3012A00D3D2DF /* bulb.png */; };
		BD55F10D1DA40EF300D3D2DF /* GroupRoomViewController.m in Sources */ = {isa = PBXBuildFile; fileRef = BD55F10C1DA40EF300D3D2DF /* GroupRoomViewController.m */; };
		BD55F1121DA4238700D3D2DF /* PresentationViewController.m in Sources */ = {isa = PBXBuildFile; fileRef = BD55F1111DA4238700D3D2DF /* PresentationViewController.m */; };
		BD55F1151DA4269500D3D2DF /* BoardViewController.m in Sources */ = {isa = PBXBuildFile; fileRef = BD55F1141DA4269500D3D2DF /* BoardViewController.m */; };
		BD55F1181DA4582800D3D2DF /* OptionsTableViewController.m in Sources */ = {isa = PBXBuildFile; fileRef = BD55F1171DA4582800D3D2DF /* OptionsTableViewController.m */; };
		BD55F11A1DA4D4EE00D3D2DF /* Sticker.png in Resources */ = {isa = PBXBuildFile; fileRef = BD55F1191DA4D4EE00D3D2DF /* Sticker.png */; };
		BD5D32871DA4FA4C00F69BAC /* locked.png in Resources */ = {isa = PBXBuildFile; fileRef = BD5D32851DA4FA4B00F69BAC /* locked.png */; };
		BD5D32881DA4FA4C00F69BAC /* unlocked.png in Resources */ = {isa = PBXBuildFile; fileRef = BD5D32861DA4FA4B00F69BAC /* unlocked.png */; };
		BD5D328A1DA5118100F69BAC /* addsticker.png in Resources */ = {isa = PBXBuildFile; fileRef = BD5D32891DA5118100F69BAC /* addsticker.png */; };
		BD5D328D1DA52DAE00F69BAC /* CreateStickerViewController.m in Sources */ = {isa = PBXBuildFile; fileRef = BD5D328C1DA52DAE00F69BAC /* CreateStickerViewController.m */; };
		BD60D8841DA7802300540825 /* StickerMenuViewController.m in Sources */ = {isa = PBXBuildFile; fileRef = BD60D8831DA7802300540825 /* StickerMenuViewController.m */; };
		BDED02361DA664D8003DAEE4 /* dqd_arrowhead+UIBezierPath.m in Sources */ = {isa = PBXBuildFile; fileRef = BDED02351DA664D8003DAEE4 /* dqd_arrowhead+UIBezierPath.m */; };
		BDED02391DA670CA003DAEE4 /* Arrow.png in Resources */ = {isa = PBXBuildFile; fileRef = BDED02371DA670CA003DAEE4 /* Arrow.png */; };
		BDED023A1DA670CA003DAEE4 /* unarrow.png in Resources */ = {isa = PBXBuildFile; fileRef = BDED02381DA670CA003DAEE4 /* unarrow.png */; };
/* End PBXBuildFile section */

/* Begin PBXContainerItemProxy section */
		BD2DE8031D9EA75700F33477 /* PBXContainerItemProxy */ = {
			isa = PBXContainerItemProxy;
			containerPortal = BD2DE7E11D9EA75700F33477 /* Project object */;
			proxyType = 1;
			remoteGlobalIDString = BD2DE7E81D9EA75700F33477;
			remoteInfo = BrainStormer;
		};
		BD2DE80E1D9EA75700F33477 /* PBXContainerItemProxy */ = {
			isa = PBXContainerItemProxy;
			containerPortal = BD2DE7E11D9EA75700F33477 /* Project object */;
			proxyType = 1;
			remoteGlobalIDString = BD2DE7E81D9EA75700F33477;
			remoteInfo = BrainStormer;
		};
/* End PBXContainerItemProxy section */

/* Begin PBXFileReference section */
		BD11C3911F521D2200DDA188 /* AVOSCloudUtils.h */ = {isa = PBXFileReference; fileEncoding = 4; lastKnownFileType = sourcecode.c.h; path = AVOSCloudUtils.h; sourceTree = "<group>"; };
		BD11C3921F521D2200DDA188 /* AVOSCloudUtils.m */ = {isa = PBXFileReference; fileEncoding = 4; lastKnownFileType = sourcecode.c.objc; path = AVOSCloudUtils.m; sourceTree = "<group>"; };
		BD11C3941F521D5600DDA188 /* ChatKitUtils.h */ = {isa = PBXFileReference; fileEncoding = 4; lastKnownFileType = sourcecode.c.h; path = ChatKitUtils.h; sourceTree = "<group>"; };
		BD11C3951F521D5600DDA188 /* ChatKitUtils.m */ = {isa = PBXFileReference; fileEncoding = 4; lastKnownFileType = sourcecode.c.objc; path = ChatKitUtils.m; sourceTree = "<group>"; };
		BD11C39E1F523C2F00DDA188 /* BrainStormEntity.h */ = {isa = PBXFileReference; fileEncoding = 4; lastKnownFileType = sourcecode.c.h; path = BrainStormEntity.h; sourceTree = "<group>"; };
		BD11C39F1F523C2F00DDA188 /* BrainStormEntity.m */ = {isa = PBXFileReference; fileEncoding = 4; lastKnownFileType = sourcecode.c.objc; path = BrainStormEntity.m; sourceTree = "<group>"; };
		BD2DE7E91D9EA75700F33477 /* BrainStormer.app */ = {isa = PBXFileReference; explicitFileType = wrapper.application; includeInIndex = 0; path = BrainStormer.app; sourceTree = BUILT_PRODUCTS_DIR; };
		BD2DE7ED1D9EA75700F33477 /* main.m */ = {isa = PBXFileReference; lastKnownFileType = sourcecode.c.objc; path = main.m; sourceTree = "<group>"; };
		BD2DE7EF1D9EA75700F33477 /* AppDelegate.h */ = {isa = PBXFileReference; lastKnownFileType = sourcecode.c.h; path = AppDelegate.h; sourceTree = "<group>"; };
		BD2DE7F01D9EA75700F33477 /* AppDelegate.m */ = {isa = PBXFileReference; lastKnownFileType = sourcecode.c.objc; path = AppDelegate.m; sourceTree = "<group>"; };
		BD2DE7F61D9EA75700F33477 /* Base */ = {isa = PBXFileReference; lastKnownFileType = file.storyboard; name = Base; path = Base.lproj/Main.storyboard; sourceTree = "<group>"; };
		BD2DE7F81D9EA75700F33477 /* Assets.xcassets */ = {isa = PBXFileReference; lastKnownFileType = folder.assetcatalog; path = Assets.xcassets; sourceTree = "<group>"; };
		BD2DE7FB1D9EA75700F33477 /* Base */ = {isa = PBXFileReference; lastKnownFileType = file.storyboard; name = Base; path = Base.lproj/LaunchScreen.storyboard; sourceTree = "<group>"; };
		BD2DE7FD1D9EA75700F33477 /* Info.plist */ = {isa = PBXFileReference; lastKnownFileType = text.plist.xml; path = Info.plist; sourceTree = "<group>"; };
		BD2DE8021D9EA75700F33477 /* BrainStormerTests.xctest */ = {isa = PBXFileReference; explicitFileType = wrapper.cfbundle; includeInIndex = 0; path = BrainStormerTests.xctest; sourceTree = BUILT_PRODUCTS_DIR; };
		BD2DE8061D9EA75700F33477 /* BrainStormerTests.m */ = {isa = PBXFileReference; lastKnownFileType = sourcecode.c.objc; path = BrainStormerTests.m; sourceTree = "<group>"; };
		BD2DE8081D9EA75700F33477 /* Info.plist */ = {isa = PBXFileReference; lastKnownFileType = text.plist.xml; path = Info.plist; sourceTree = "<group>"; };
		BD2DE80D1D9EA75700F33477 /* BrainStormerUITests.xctest */ = {isa = PBXFileReference; explicitFileType = wrapper.cfbundle; includeInIndex = 0; path = BrainStormerUITests.xctest; sourceTree = BUILT_PRODUCTS_DIR; };
		BD2DE8111D9EA75700F33477 /* BrainStormerUITests.m */ = {isa = PBXFileReference; lastKnownFileType = sourcecode.c.objc; path = BrainStormerUITests.m; sourceTree = "<group>"; };
		BD2DE8131D9EA75700F33477 /* Info.plist */ = {isa = PBXFileReference; lastKnownFileType = text.plist.xml; path = Info.plist; sourceTree = "<group>"; };
		BD2DE8261D9EA8ED00F33477 /* LoginViewController.h */ = {isa = PBXFileReference; fileEncoding = 4; lastKnownFileType = sourcecode.c.h; path = LoginViewController.h; sourceTree = "<group>"; };
		BD2DE8271D9EA8ED00F33477 /* LoginViewController.m */ = {isa = PBXFileReference; fileEncoding = 4; lastKnownFileType = sourcecode.c.objc; path = LoginViewController.m; sourceTree = "<group>"; };
		BD2DE82C1D9ED0BB00F33477 /* brainstorm.jpg */ = {isa = PBXFileReference; lastKnownFileType = image.jpeg; path = brainstorm.jpg; sourceTree = "<group>"; };
		BD55F0C81D9FDE9E00D3D2DF /* CreatGroupViewController.h */ = {isa = PBXFileReference; fileEncoding = 4; lastKnownFileType = sourcecode.c.h; path = CreatGroupViewController.h; sourceTree = "<group>"; };
		BD55F0C91D9FDE9E00D3D2DF /* CreatGroupViewController.m */ = {isa = PBXFileReference; fileEncoding = 4; lastKnownFileType = sourcecode.c.objc; path = CreatGroupViewController.m; sourceTree = "<group>"; };
		BD55F0CB1DA0027800D3D2DF /* Photos.framework */ = {isa = PBXFileReference; lastKnownFileType = wrapper.framework; name = Photos.framework; path = System/Library/Frameworks/Photos.framework; sourceTree = SDKROOT; };
		BD55F0CD1DA00DAC00D3D2DF /* Security.framework */ = {isa = PBXFileReference; lastKnownFileType = wrapper.framework; name = Security.framework; path = System/Library/Frameworks/Security.framework; sourceTree = SDKROOT; };
		BD55F0DE1DA03F4700D3D2DF /* AddGroupTableViewController.h */ = {isa = PBXFileReference; fileEncoding = 4; lastKnownFileType = sourcecode.c.h; path = AddGroupTableViewController.h; sourceTree = "<group>"; };
		BD55F0DF1DA03F4700D3D2DF /* AddGroupTableViewController.m */ = {isa = PBXFileReference; fileEncoding = 4; lastKnownFileType = sourcecode.c.objc; path = AddGroupTableViewController.m; sourceTree = "<group>"; };
		BD55F0E41DA0406D00D3D2DF /* GroupListViewController.h */ = {isa = PBXFileReference; fileEncoding = 4; lastKnownFileType = sourcecode.c.h; path = GroupListViewController.h; sourceTree = "<group>"; };
		BD55F0E51DA0406D00D3D2DF /* GroupListViewController.m */ = {isa = PBXFileReference; fileEncoding = 4; lastKnownFileType = sourcecode.c.objc; path = GroupListViewController.m; sourceTree = "<group>"; };
		BD55F0F31DA159A600D3D2DF /* InviteTableViewCell.h */ = {isa = PBXFileReference; fileEncoding = 4; lastKnownFileType = sourcecode.c.h; path = InviteTableViewCell.h; sourceTree = "<group>"; };
		BD55F0F41DA159A600D3D2DF /* InviteTableViewCell.m */ = {isa = PBXFileReference; fileEncoding = 4; lastKnownFileType = sourcecode.c.objc; path = InviteTableViewCell.m; sourceTree = "<group>"; };
		BD55F0F51DA159A600D3D2DF /* InviteTableViewCell.xib */ = {isa = PBXFileReference; fileEncoding = 4; lastKnownFileType = file.xib; path = InviteTableViewCell.xib; sourceTree = "<group>"; };
		BD55F0F81DA15B6A00D3D2DF /* InviteTableViewController.h */ = {isa = PBXFileReference; fileEncoding = 4; lastKnownFileType = sourcecode.c.h; path = InviteTableViewController.h; sourceTree = "<group>"; };
		BD55F0F91DA15B6A00D3D2DF /* InviteTableViewController.m */ = {isa = PBXFileReference; fileEncoding = 4; lastKnownFileType = sourcecode.c.objc; path = InviteTableViewController.m; sourceTree = "<group>"; };
		BD55F0FB1DA1693B00D3D2DF /* invited.png */ = {isa = PBXFileReference; lastKnownFileType = image.png; path = invited.png; sourceTree = "<group>"; };
		BD55F0FD1DA195F400D3D2DF /* LCCKUser.h */ = {isa = PBXFileReference; fileEncoding = 4; lastKnownFileType = sourcecode.c.h; path = LCCKUser.h; sourceTree = "<group>"; };
		BD55F0FE1DA195F400D3D2DF /* LCCKUser.m */ = {isa = PBXFileReference; fileEncoding = 4; lastKnownFileType = sourcecode.c.objc; path = LCCKUser.m; sourceTree = "<group>"; };
		BD55F1001DA2EE8500D3D2DF /* InvitationLetterViewCell.h */ = {isa = PBXFileReference; fileEncoding = 4; lastKnownFileType = sourcecode.c.h; path = InvitationLetterViewCell.h; sourceTree = "<group>"; };
		BD55F1011DA2EE8500D3D2DF /* InvitationLetterViewCell.m */ = {isa = PBXFileReference; fileEncoding = 4; lastKnownFileType = sourcecode.c.objc; path = InvitationLetterViewCell.m; sourceTree = "<group>"; };
		BD55F1021DA2EE8500D3D2DF /* InvitationLetterViewCell.xib */ = {isa = PBXFileReference; fileEncoding = 4; lastKnownFileType = file.xib; path = InvitationLetterViewCell.xib; sourceTree = "<group>"; };
		BD55F1051DA2EF7400D3D2DF /* no.png */ = {isa = PBXFileReference; lastKnownFileType = image.png; path = no.png; sourceTree = "<group>"; };
		BD55F1061DA2EF7400D3D2DF /* yes.png */ = {isa = PBXFileReference; lastKnownFileType = image.png; path = yes.png; sourceTree = "<group>"; };
		BD55F1091DA3012A00D3D2DF /* bulb.png */ = {isa = PBXFileReference; lastKnownFileType = image.png; path = bulb.png; sourceTree = "<group>"; };
		BD55F10B1DA40EF300D3D2DF /* GroupRoomViewController.h */ = {isa = PBXFileReference; fileEncoding = 4; lastKnownFileType = sourcecode.c.h; path = GroupRoomViewController.h; sourceTree = "<group>"; };
		BD55F10C1DA40EF300D3D2DF /* GroupRoomViewController.m */ = {isa = PBXFileReference; fileEncoding = 4; lastKnownFileType = sourcecode.c.objc; path = GroupRoomViewController.m; sourceTree = "<group>"; };
		BD55F1101DA4238700D3D2DF /* PresentationViewController.h */ = {isa = PBXFileReference; fileEncoding = 4; lastKnownFileType = sourcecode.c.h; path = PresentationViewController.h; sourceTree = "<group>"; };
		BD55F1111DA4238700D3D2DF /* PresentationViewController.m */ = {isa = PBXFileReference; fileEncoding = 4; lastKnownFileType = sourcecode.c.objc; path = PresentationViewController.m; sourceTree = "<group>"; };
		BD55F1131DA4269500D3D2DF /* BoardViewController.h */ = {isa = PBXFileReference; fileEncoding = 4; lastKnownFileType = sourcecode.c.h; path = BoardViewController.h; sourceTree = "<group>"; };
		BD55F1141DA4269500D3D2DF /* BoardViewController.m */ = {isa = PBXFileReference; fileEncoding = 4; lastKnownFileType = sourcecode.c.objc; path = BoardViewController.m; sourceTree = "<group>"; };
		BD55F1161DA4582800D3D2DF /* OptionsTableViewController.h */ = {isa = PBXFileReference; fileEncoding = 4; lastKnownFileType = sourcecode.c.h; path = OptionsTableViewController.h; sourceTree = "<group>"; };
		BD55F1171DA4582800D3D2DF /* OptionsTableViewController.m */ = {isa = PBXFileReference; fileEncoding = 4; lastKnownFileType = sourcecode.c.objc; path = OptionsTableViewController.m; sourceTree = "<group>"; };
		BD55F1191DA4D4EE00D3D2DF /* Sticker.png */ = {isa = PBXFileReference; lastKnownFileType = image.png; path = Sticker.png; sourceTree = "<group>"; };
		BD5D32851DA4FA4B00F69BAC /* locked.png */ = {isa = PBXFileReference; lastKnownFileType = image.png; path = locked.png; sourceTree = "<group>"; };
		BD5D32861DA4FA4B00F69BAC /* unlocked.png */ = {isa = PBXFileReference; lastKnownFileType = image.png; path = unlocked.png; sourceTree = "<group>"; };
		BD5D32891DA5118100F69BAC /* addsticker.png */ = {isa = PBXFileReference; lastKnownFileType = image.png; path = addsticker.png; sourceTree = "<group>"; };
		BD5D328B1DA52DAE00F69BAC /* CreateStickerViewController.h */ = {isa = PBXFileReference; fileEncoding = 4; lastKnownFileType = sourcecode.c.h; path = CreateStickerViewController.h; sourceTree = "<group>"; };
		BD5D328C1DA52DAE00F69BAC /* CreateStickerViewController.m */ = {isa = PBXFileReference; fileEncoding = 4; lastKnownFileType = sourcecode.c.objc; path = CreateStickerViewController.m; sourceTree = "<group>"; };
		BD60D8821DA7802300540825 /* StickerMenuViewController.h */ = {isa = PBXFileReference; fileEncoding = 4; lastKnownFileType = sourcecode.c.h; path = StickerMenuViewController.h; sourceTree = "<group>"; };
		BD60D8831DA7802300540825 /* StickerMenuViewController.m */ = {isa = PBXFileReference; fileEncoding = 4; lastKnownFileType = sourcecode.c.objc; path = StickerMenuViewController.m; sourceTree = "<group>"; };
		BD6474A21D9FBD7100A419D1 /* MJRefresh */ = {isa = PBXFileReference; lastKnownFileType = folder; name = MJRefresh; path = "../../../Downloads/ChatKit-OC-master/ChatKit-OC/Pods/MJRefresh"; sourceTree = "<group>"; };
		BDED02341DA664D8003DAEE4 /* dqd_arrowhead+UIBezierPath.h */ = {isa = PBXFileReference; fileEncoding = 4; lastKnownFileType = sourcecode.c.h; path = "dqd_arrowhead+UIBezierPath.h"; sourceTree = "<group>"; };
		BDED02351DA664D8003DAEE4 /* dqd_arrowhead+UIBezierPath.m */ = {isa = PBXFileReference; fileEncoding = 4; lastKnownFileType = sourcecode.c.objc; path = "dqd_arrowhead+UIBezierPath.m"; sourceTree = "<group>"; };
		BDED02371DA670CA003DAEE4 /* Arrow.png */ = {isa = PBXFileReference; lastKnownFileType = image.png; path = Arrow.png; sourceTree = "<group>"; };
		BDED02381DA670CA003DAEE4 /* unarrow.png */ = {isa = PBXFileReference; lastKnownFileType = image.png; path = unarrow.png; sourceTree = "<group>"; };
		BFF344B3DB490AF49DA0322E /* Pods-BrainStormer.release.xcconfig */ = {isa = PBXFileReference; includeInIndex = 1; lastKnownFileType = text.xcconfig; name = "Pods-BrainStormer.release.xcconfig"; path = "Pods/Target Support Files/Pods-BrainStormer/Pods-BrainStormer.release.xcconfig"; sourceTree = "<group>"; };
		D4F493E97EF786D3E9D444C1 /* libPods-BrainStormer.a */ = {isa = PBXFileReference; explicitFileType = archive.ar; includeInIndex = 0; path = "libPods-BrainStormer.a"; sourceTree = BUILT_PRODUCTS_DIR; };
		EBD768C80E32182B6A5523EB /* Pods-BrainStormer.debug.xcconfig */ = {isa = PBXFileReference; includeInIndex = 1; lastKnownFileType = text.xcconfig; name = "Pods-BrainStormer.debug.xcconfig"; path = "Pods/Target Support Files/Pods-BrainStormer/Pods-BrainStormer.debug.xcconfig"; sourceTree = "<group>"; };
/* End PBXFileReference section */

/* Begin PBXFrameworksBuildPhase section */
		BD2DE7E61D9EA75700F33477 /* Frameworks */ = {
			isa = PBXFrameworksBuildPhase;
			buildActionMask = 2147483647;
			files = (
				991531F289B8C02852E4107D /* libPods-BrainStormer.a in Frameworks */,
			);
			runOnlyForDeploymentPostprocessing = 0;
		};
		BD2DE7FF1D9EA75700F33477 /* Frameworks */ = {
			isa = PBXFrameworksBuildPhase;
			buildActionMask = 2147483647;
			files = (
			);
			runOnlyForDeploymentPostprocessing = 0;
		};
		BD2DE80A1D9EA75700F33477 /* Frameworks */ = {
			isa = PBXFrameworksBuildPhase;
			buildActionMask = 2147483647;
			files = (
			);
			runOnlyForDeploymentPostprocessing = 0;
		};
/* End PBXFrameworksBuildPhase section */

/* Begin PBXGroup section */
		52CEB7A314BC2898DB954215 /* Frameworks */ = {
			isa = PBXGroup;
			children = (
				BD55F0CD1DA00DAC00D3D2DF /* Security.framework */,
				BD55F0CB1DA0027800D3D2DF /* Photos.framework */,
				BD6474A21D9FBD7100A419D1 /* MJRefresh */,
				D4F493E97EF786D3E9D444C1 /* libPods-BrainStormer.a */,
			);
			name = Frameworks;
			sourceTree = "<group>";
		};
		BD11C3971F521D5B00DDA188 /* Utils */ = {
			isa = PBXGroup;
			children = (
				BD11C39E1F523C2F00DDA188 /* BrainStormEntity.h */,
				BD11C39F1F523C2F00DDA188 /* BrainStormEntity.m */,
				BD11C3911F521D2200DDA188 /* AVOSCloudUtils.h */,
				BD11C3921F521D2200DDA188 /* AVOSCloudUtils.m */,
				BD11C3941F521D5600DDA188 /* ChatKitUtils.h */,
				BD11C3951F521D5600DDA188 /* ChatKitUtils.m */,
			);
			name = Utils;
			sourceTree = "<group>";
		};
		BD2DE7E01D9EA75700F33477 = {
			isa = PBXGroup;
			children = (
				BD2DE7EB1D9EA75700F33477 /* BrainStormer */,
				BD2DE8051D9EA75700F33477 /* BrainStormerTests */,
				BD2DE8101D9EA75700F33477 /* BrainStormerUITests */,
				BD2DE7EA1D9EA75700F33477 /* Products */,
				52CEB7A314BC2898DB954215 /* Frameworks */,
				CDEAB60D51A844943D65FC22 /* Pods */,
			);
			sourceTree = "<group>";
		};
		BD2DE7EA1D9EA75700F33477 /* Products */ = {
			isa = PBXGroup;
			children = (
				BD2DE7E91D9EA75700F33477 /* BrainStormer.app */,
				BD2DE8021D9EA75700F33477 /* BrainStormerTests.xctest */,
				BD2DE80D1D9EA75700F33477 /* BrainStormerUITests.xctest */,
			);
			name = Products;
			sourceTree = "<group>";
		};
		BD2DE7EB1D9EA75700F33477 /* BrainStormer */ = {
			isa = PBXGroup;
			children = (
				BD2DE7EF1D9EA75700F33477 /* AppDelegate.h */,
				BD2DE7F01D9EA75700F33477 /* AppDelegate.m */,
				BD2DE8261D9EA8ED00F33477 /* LoginViewController.h */,
				BD2DE8271D9EA8ED00F33477 /* LoginViewController.m */,
				BD55F0E41DA0406D00D3D2DF /* GroupListViewController.h */,
				BD55F0E51DA0406D00D3D2DF /* GroupListViewController.m */,
				BD11C3971F521D5B00DDA188 /* Utils */,
				BD55F10E1DA40F0800D3D2DF /* AddGroupControllers */,
				BD55F10F1DA40F2300D3D2DF /* GroupRoomControllers */,
				BD2DE82B1D9ED0A600F33477 /* Images */,
				BD2DE7F51D9EA75700F33477 /* Main.storyboard */,
				BD2DE7FA1D9EA75700F33477 /* LaunchScreen.storyboard */,
				BD2DE7FD1D9EA75700F33477 /* Info.plist */,
				BD2DE7F81D9EA75700F33477 /* Assets.xcassets */,
				BD2DE7EC1D9EA75700F33477 /* Supporting Files */,
			);
			path = BrainStormer;
			sourceTree = "<group>";
		};
		BD2DE7EC1D9EA75700F33477 /* Supporting Files */ = {
			isa = PBXGroup;
			children = (
				BD55F0FD1DA195F400D3D2DF /* LCCKUser.h */,
				BD55F0FE1DA195F400D3D2DF /* LCCKUser.m */,
				BD2DE7ED1D9EA75700F33477 /* main.m */,
				BD55F0F31DA159A600D3D2DF /* InviteTableViewCell.h */,
				BD55F0F41DA159A600D3D2DF /* InviteTableViewCell.m */,
				BD55F0F51DA159A600D3D2DF /* InviteTableViewCell.xib */,
				BD55F1001DA2EE8500D3D2DF /* InvitationLetterViewCell.h */,
				BD55F1011DA2EE8500D3D2DF /* InvitationLetterViewCell.m */,
				BD55F1021DA2EE8500D3D2DF /* InvitationLetterViewCell.xib */,
				BDED02341DA664D8003DAEE4 /* dqd_arrowhead+UIBezierPath.h */,
				BDED02351DA664D8003DAEE4 /* dqd_arrowhead+UIBezierPath.m */,
			);
			name = "Supporting Files";
			sourceTree = "<group>";
		};
		BD2DE8051D9EA75700F33477 /* BrainStormerTests */ = {
			isa = PBXGroup;
			children = (
				BD2DE8061D9EA75700F33477 /* BrainStormerTests.m */,
				BD2DE8081D9EA75700F33477 /* Info.plist */,
			);
			path = BrainStormerTests;
			sourceTree = "<group>";
		};
		BD2DE8101D9EA75700F33477 /* BrainStormerUITests */ = {
			isa = PBXGroup;
			children = (
				BD2DE8111D9EA75700F33477 /* BrainStormerUITests.m */,
				BD2DE8131D9EA75700F33477 /* Info.plist */,
			);
			path = BrainStormerUITests;
			sourceTree = "<group>";
		};
		BD2DE82B1D9ED0A600F33477 /* Images */ = {
			isa = PBXGroup;
			children = (
				BDED02371DA670CA003DAEE4 /* Arrow.png */,
				BDED02381DA670CA003DAEE4 /* unarrow.png */,
				BD5D32891DA5118100F69BAC /* addsticker.png */,
				BD5D32851DA4FA4B00F69BAC /* locked.png */,
				BD5D32861DA4FA4B00F69BAC /* unlocked.png */,
				BD55F1191DA4D4EE00D3D2DF /* Sticker.png */,
				BD55F1091DA3012A00D3D2DF /* bulb.png */,
				BD55F1051DA2EF7400D3D2DF /* no.png */,
				BD55F1061DA2EF7400D3D2DF /* yes.png */,
				BD55F0FB1DA1693B00D3D2DF /* invited.png */,
				BD2DE82C1D9ED0BB00F33477 /* brainstorm.jpg */,
			);
			name = Images;
			sourceTree = "<group>";
		};
		BD55F10E1DA40F0800D3D2DF /* AddGroupControllers */ = {
			isa = PBXGroup;
			children = (
				BD55F0DE1DA03F4700D3D2DF /* AddGroupTableViewController.h */,
				BD55F0DF1DA03F4700D3D2DF /* AddGroupTableViewController.m */,
				BD55F0C81D9FDE9E00D3D2DF /* CreatGroupViewController.h */,
				BD55F0C91D9FDE9E00D3D2DF /* CreatGroupViewController.m */,
				BD55F0F81DA15B6A00D3D2DF /* InviteTableViewController.h */,
				BD55F0F91DA15B6A00D3D2DF /* InviteTableViewController.m */,
			);
			name = AddGroupControllers;
			sourceTree = "<group>";
		};
		BD55F10F1DA40F2300D3D2DF /* GroupRoomControllers */ = {
			isa = PBXGroup;
			children = (
				BD55F10B1DA40EF300D3D2DF /* GroupRoomViewController.h */,
				BD55F10C1DA40EF300D3D2DF /* GroupRoomViewController.m */,
				BD55F1161DA4582800D3D2DF /* OptionsTableViewController.h */,
				BD55F1171DA4582800D3D2DF /* OptionsTableViewController.m */,
				BD55F1101DA4238700D3D2DF /* PresentationViewController.h */,
				BD55F1111DA4238700D3D2DF /* PresentationViewController.m */,
				BD55F1131DA4269500D3D2DF /* BoardViewController.h */,
				BD55F1141DA4269500D3D2DF /* BoardViewController.m */,
				BD5D328B1DA52DAE00F69BAC /* CreateStickerViewController.h */,
				BD5D328C1DA52DAE00F69BAC /* CreateStickerViewController.m */,
				BD60D8821DA7802300540825 /* StickerMenuViewController.h */,
				BD60D8831DA7802300540825 /* StickerMenuViewController.m */,
			);
			name = GroupRoomControllers;
			sourceTree = "<group>";
		};
		CDEAB60D51A844943D65FC22 /* Pods */ = {
			isa = PBXGroup;
			children = (
				EBD768C80E32182B6A5523EB /* Pods-BrainStormer.debug.xcconfig */,
				BFF344B3DB490AF49DA0322E /* Pods-BrainStormer.release.xcconfig */,
			);
			name = Pods;
			sourceTree = "<group>";
		};
/* End PBXGroup section */

/* Begin PBXNativeTarget section */
		BD2DE7E81D9EA75700F33477 /* BrainStormer */ = {
			isa = PBXNativeTarget;
			buildConfigurationList = BD2DE8161D9EA75700F33477 /* Build configuration list for PBXNativeTarget "BrainStormer" */;
			buildPhases = (
				18361B2609F8F497F1C2532F /* [CP] Check Pods Manifest.lock */,
				BD2DE7E51D9EA75700F33477 /* Sources */,
				BD2DE7E61D9EA75700F33477 /* Frameworks */,
				BD2DE7E71D9EA75700F33477 /* Resources */,
				8511CE43135B1D9C47FBFC65 /* [CP] Embed Pods Frameworks */,
				9F23A3D771C478BB277769A6 /* [CP] Copy Pods Resources */,
			);
			buildRules = (
			);
			dependencies = (
			);
			name = BrainStormer;
			productName = BrainStormer;
			productReference = BD2DE7E91D9EA75700F33477 /* BrainStormer.app */;
			productType = "com.apple.product-type.application";
		};
		BD2DE8011D9EA75700F33477 /* BrainStormerTests */ = {
			isa = PBXNativeTarget;
			buildConfigurationList = BD2DE8191D9EA75700F33477 /* Build configuration list for PBXNativeTarget "BrainStormerTests" */;
			buildPhases = (
				BD2DE7FE1D9EA75700F33477 /* Sources */,
				BD2DE7FF1D9EA75700F33477 /* Frameworks */,
				BD2DE8001D9EA75700F33477 /* Resources */,
			);
			buildRules = (
			);
			dependencies = (
				BD2DE8041D9EA75700F33477 /* PBXTargetDependency */,
			);
			name = BrainStormerTests;
			productName = BrainStormerTests;
			productReference = BD2DE8021D9EA75700F33477 /* BrainStormerTests.xctest */;
			productType = "com.apple.product-type.bundle.unit-test";
		};
		BD2DE80C1D9EA75700F33477 /* BrainStormerUITests */ = {
			isa = PBXNativeTarget;
			buildConfigurationList = BD2DE81C1D9EA75700F33477 /* Build configuration list for PBXNativeTarget "BrainStormerUITests" */;
			buildPhases = (
				BD2DE8091D9EA75700F33477 /* Sources */,
				BD2DE80A1D9EA75700F33477 /* Frameworks */,
				BD2DE80B1D9EA75700F33477 /* Resources */,
			);
			buildRules = (
			);
			dependencies = (
				BD2DE80F1D9EA75700F33477 /* PBXTargetDependency */,
			);
			name = BrainStormerUITests;
			productName = BrainStormerUITests;
			productReference = BD2DE80D1D9EA75700F33477 /* BrainStormerUITests.xctest */;
			productType = "com.apple.product-type.bundle.ui-testing";
		};
/* End PBXNativeTarget section */

/* Begin PBXProject section */
		BD2DE7E11D9EA75700F33477 /* Project object */ = {
			isa = PBXProject;
			attributes = {
				LastUpgradeCheck = 0920;
				ORGANIZATIONNAME = "\bLun";
				TargetAttributes = {
					BD2DE7E81D9EA75700F33477 = {
						CreatedOnToolsVersion = 8.0;
						DevelopmentTeam = DXJ7AC4744;
						ProvisioningStyle = Automatic;
					};
					BD2DE8011D9EA75700F33477 = {
						CreatedOnToolsVersion = 8.0;
						ProvisioningStyle = Automatic;
						TestTargetID = BD2DE7E81D9EA75700F33477;
					};
					BD2DE80C1D9EA75700F33477 = {
						CreatedOnToolsVersion = 8.0;
						ProvisioningStyle = Automatic;
						TestTargetID = BD2DE7E81D9EA75700F33477;
					};
				};
			};
			buildConfigurationList = BD2DE7E41D9EA75700F33477 /* Build configuration list for PBXProject "BrainStormer" */;
			compatibilityVersion = "Xcode 3.2";
			developmentRegion = English;
			hasScannedForEncodings = 0;
			knownRegions = (
				en,
				Base,
			);
			mainGroup = BD2DE7E01D9EA75700F33477;
			productRefGroup = BD2DE7EA1D9EA75700F33477 /* Products */;
			projectDirPath = "";
			projectRoot = "";
			targets = (
				BD2DE7E81D9EA75700F33477 /* BrainStormer */,
				BD2DE8011D9EA75700F33477 /* BrainStormerTests */,
				BD2DE80C1D9EA75700F33477 /* BrainStormerUITests */,
			);
		};
/* End PBXProject section */

/* Begin PBXResourcesBuildPhase section */
		BD2DE7E71D9EA75700F33477 /* Resources */ = {
			isa = PBXResourcesBuildPhase;
			buildActionMask = 2147483647;
			files = (
				BD2DE7FC1D9EA75700F33477 /* LaunchScreen.storyboard in Resources */,
				BD55F0F71DA159A600D3D2DF /* InviteTableViewCell.xib in Resources */,
				BD55F11A1DA4D4EE00D3D2DF /* Sticker.png in Resources */,
				BD5D32871DA4FA4C00F69BAC /* locked.png in Resources */,
				BD2DE7F91D9EA75700F33477 /* Assets.xcassets in Resources */,
				BD55F0FC1DA1693B00D3D2DF /* invited.png in Resources */,
				BD55F10A1DA3012A00D3D2DF /* bulb.png in Resources */,
				BD5D328A1DA5118100F69BAC /* addsticker.png in Resources */,
				BD5D32881DA4FA4C00F69BAC /* unlocked.png in Resources */,
				BD55F1081DA2EF7400D3D2DF /* yes.png in Resources */,
				BD55F1041DA2EE8500D3D2DF /* InvitationLetterViewCell.xib in Resources */,
				BD55F1071DA2EF7400D3D2DF /* no.png in Resources */,
				BDED023A1DA670CA003DAEE4 /* unarrow.png in Resources */,
				BD2DE82D1D9ED0BB00F33477 /* brainstorm.jpg in Resources */,
				BDED02391DA670CA003DAEE4 /* Arrow.png in Resources */,
				BD2DE7F71D9EA75700F33477 /* Main.storyboard in Resources */,
			);
			runOnlyForDeploymentPostprocessing = 0;
		};
		BD2DE8001D9EA75700F33477 /* Resources */ = {
			isa = PBXResourcesBuildPhase;
			buildActionMask = 2147483647;
			files = (
			);
			runOnlyForDeploymentPostprocessing = 0;
		};
		BD2DE80B1D9EA75700F33477 /* Resources */ = {
			isa = PBXResourcesBuildPhase;
			buildActionMask = 2147483647;
			files = (
			);
			runOnlyForDeploymentPostprocessing = 0;
		};
/* End PBXResourcesBuildPhase section */

/* Begin PBXShellScriptBuildPhase section */
		18361B2609F8F497F1C2532F /* [CP] Check Pods Manifest.lock */ = {
			isa = PBXShellScriptBuildPhase;
			buildActionMask = 2147483647;
			files = (
			);
			inputPaths = (
				"${PODS_PODFILE_DIR_PATH}/Podfile.lock",
				"${PODS_ROOT}/Manifest.lock",
			);
			name = "[CP] Check Pods Manifest.lock";
			outputPaths = (
				"$(DERIVED_FILE_DIR)/Pods-BrainStormer-checkManifestLockResult.txt",
			);
			runOnlyForDeploymentPostprocessing = 0;
			shellPath = /bin/sh;
			shellScript = "diff \"${PODS_PODFILE_DIR_PATH}/Podfile.lock\" \"${PODS_ROOT}/Manifest.lock\" > /dev/null\nif [ $? != 0 ] ; then\n    # print error to STDERR\n    echo \"error: The sandbox is not in sync with the Podfile.lock. Run 'pod install' or update your CocoaPods installation.\" >&2\n    exit 1\nfi\n# This output is used by Xcode 'outputs' to avoid re-running this script phase.\necho \"SUCCESS\" > \"${SCRIPT_OUTPUT_FILE_0}\"\n";
			showEnvVarsInLog = 0;
		};
		8511CE43135B1D9C47FBFC65 /* [CP] Embed Pods Frameworks */ = {
			isa = PBXShellScriptBuildPhase;
			buildActionMask = 2147483647;
			files = (
			);
			inputPaths = (
			);
			name = "[CP] Embed Pods Frameworks";
			outputPaths = (
			);
			runOnlyForDeploymentPostprocessing = 0;
			shellPath = /bin/sh;
			shellScript = "\"${SRCROOT}/Pods/Target Support Files/Pods-BrainStormer/Pods-BrainStormer-frameworks.sh\"\n";
			showEnvVarsInLog = 0;
		};
		9F23A3D771C478BB277769A6 /* [CP] Copy Pods Resources */ = {
			isa = PBXShellScriptBuildPhase;
			buildActionMask = 2147483647;
			files = (
			);
			inputPaths = (
				"${SRCROOT}/Pods/Target Support Files/Pods-BrainStormer/Pods-BrainStormer-resources.sh",
				"${PODS_ROOT}/AVOSCloud/AVOS/AVOSCloud/AVOSCloud_Art.inc",
				"${PODS_ROOT}/ChatKit/ChatKit/Class/Resources/BarButtonIcon.bundle",
				"${PODS_ROOT}/ChatKit/ChatKit/Class/Resources/ChatKeyboard.bundle",
				"${PODS_ROOT}/ChatKit/ChatKit/Class/Resources/DateTools.bundle",
				"${PODS_ROOT}/ChatKit/ChatKit/Class/Resources/Emoji.bundle",
				"${PODS_ROOT}/ChatKit/ChatKit/Class/Resources/LCCKPBLocalizations.bundle",
				"${PODS_ROOT}/ChatKit/ChatKit/Class/Resources/LCCKPhotoBrowser.bundle",
				"${PODS_ROOT}/ChatKit/ChatKit/Class/Resources/MBProgressHUD.bundle",
				"${PODS_ROOT}/ChatKit/ChatKit/Class/Resources/MessageBubble.bundle",
				"${PODS_ROOT}/ChatKit/ChatKit/Class/Resources/Other.bundle",
				"${PODS_ROOT}/ChatKit/ChatKit/Class/Resources/Placeholder.bundle",
				"${PODS_ROOT}/ChatKit/ChatKit/Class/Resources/VoiceMessageSource.bundle",
				"${PODS_ROOT}/ChatKit/ChatKit/Class/Module/ContactList/View/LCCKContactCell.xib",
				"${PODS_ROOT}/MJRefresh/MJRefresh/MJRefresh.bundle",
				$PODS_CONFIGURATION_BUILD_DIR/MWPhotoBrowser/MWPhotoBrowser.bundle,
			);
			name = "[CP] Copy Pods Resources";
			outputPaths = (
				"${TARGET_BUILD_DIR}/${UNLOCALIZED_RESOURCES_FOLDER_PATH}",
			);
			runOnlyForDeploymentPostprocessing = 0;
			shellPath = /bin/sh;
			shellScript = "\"${SRCROOT}/Pods/Target Support Files/Pods-BrainStormer/Pods-BrainStormer-resources.sh\"\n";
			showEnvVarsInLog = 0;
		};
/* End PBXShellScriptBuildPhase section */

/* Begin PBXSourcesBuildPhase section */
		BD2DE7E51D9EA75700F33477 /* Sources */ = {
			isa = PBXSourcesBuildPhase;
			buildActionMask = 2147483647;
			files = (
				BD11C3961F521D5600DDA188 /* ChatKitUtils.m in Sources */,
				BD2DE8281D9EA8ED00F33477 /* LoginViewController.m in Sources */,
				BD55F0CA1D9FDE9E00D3D2DF /* CreatGroupViewController.m in Sources */,
				BD55F1121DA4238700D3D2DF /* PresentationViewController.m in Sources */,
				BDED02361DA664D8003DAEE4 /* dqd_arrowhead+UIBezierPath.m in Sources */,
				BD55F0FF1DA195F400D3D2DF /* LCCKUser.m in Sources */,
				BD2DE7F11D9EA75700F33477 /* AppDelegate.m in Sources */,
				BD55F0E01DA03F4700D3D2DF /* AddGroupTableViewController.m in Sources */,
				BD55F10D1DA40EF300D3D2DF /* GroupRoomViewController.m in Sources */,
				BD55F0FA1DA15B6A00D3D2DF /* InviteTableViewController.m in Sources */,
				BD55F0E61DA0406D00D3D2DF /* GroupListViewController.m in Sources */,
				BD11C3931F521D2200DDA188 /* AVOSCloudUtils.m in Sources */,
				BD55F1031DA2EE8500D3D2DF /* InvitationLetterViewCell.m in Sources */,
				BD55F1181DA4582800D3D2DF /* OptionsTableViewController.m in Sources */,
				BD5D328D1DA52DAE00F69BAC /* CreateStickerViewController.m in Sources */,
				BD55F1151DA4269500D3D2DF /* BoardViewController.m in Sources */,
				BD2DE7EE1D9EA75700F33477 /* main.m in Sources */,
				BD55F0F61DA159A600D3D2DF /* InviteTableViewCell.m in Sources */,
				BD11C3A01F523C2F00DDA188 /* BrainStormEntity.m in Sources */,
				BD60D8841DA7802300540825 /* StickerMenuViewController.m in Sources */,
			);
			runOnlyForDeploymentPostprocessing = 0;
		};
		BD2DE7FE1D9EA75700F33477 /* Sources */ = {
			isa = PBXSourcesBuildPhase;
			buildActionMask = 2147483647;
			files = (
				BD2DE8071D9EA75700F33477 /* BrainStormerTests.m in Sources */,
			);
			runOnlyForDeploymentPostprocessing = 0;
		};
		BD2DE8091D9EA75700F33477 /* Sources */ = {
			isa = PBXSourcesBuildPhase;
			buildActionMask = 2147483647;
			files = (
				BD2DE8121D9EA75700F33477 /* BrainStormerUITests.m in Sources */,
			);
			runOnlyForDeploymentPostprocessing = 0;
		};
/* End PBXSourcesBuildPhase section */

/* Begin PBXTargetDependency section */
		BD2DE8041D9EA75700F33477 /* PBXTargetDependency */ = {
			isa = PBXTargetDependency;
			target = BD2DE7E81D9EA75700F33477 /* BrainStormer */;
			targetProxy = BD2DE8031D9EA75700F33477 /* PBXContainerItemProxy */;
		};
		BD2DE80F1D9EA75700F33477 /* PBXTargetDependency */ = {
			isa = PBXTargetDependency;
			target = BD2DE7E81D9EA75700F33477 /* BrainStormer */;
			targetProxy = BD2DE80E1D9EA75700F33477 /* PBXContainerItemProxy */;
		};
/* End PBXTargetDependency section */

/* Begin PBXVariantGroup section */
		BD2DE7F51D9EA75700F33477 /* Main.storyboard */ = {
			isa = PBXVariantGroup;
			children = (
				BD2DE7F61D9EA75700F33477 /* Base */,
			);
			name = Main.storyboard;
			sourceTree = "<group>";
		};
		BD2DE7FA1D9EA75700F33477 /* LaunchScreen.storyboard */ = {
			isa = PBXVariantGroup;
			children = (
				BD2DE7FB1D9EA75700F33477 /* Base */,
			);
			name = LaunchScreen.storyboard;
			sourceTree = "<group>";
		};
/* End PBXVariantGroup section */

/* Begin XCBuildConfiguration section */
		BD2DE8141D9EA75700F33477 /* Debug */ = {
			isa = XCBuildConfiguration;
			buildSettings = {
				ALWAYS_SEARCH_USER_PATHS = NO;
				CLANG_ANALYZER_NONNULL = YES;
				CLANG_CXX_LANGUAGE_STANDARD = "gnu++0x";
				CLANG_CXX_LIBRARY = "libc++";
				CLANG_ENABLE_MODULES = YES;
				CLANG_ENABLE_OBJC_ARC = YES;
				CLANG_WARN_BLOCK_CAPTURE_AUTORELEASING = YES;
				CLANG_WARN_BOOL_CONVERSION = YES;
				CLANG_WARN_COMMA = YES;
				CLANG_WARN_CONSTANT_CONVERSION = YES;
				CLANG_WARN_DIRECT_OBJC_ISA_USAGE = YES_ERROR;
				CLANG_WARN_DOCUMENTATION_COMMENTS = YES;
				CLANG_WARN_EMPTY_BODY = YES;
				CLANG_WARN_ENUM_CONVERSION = YES;
				CLANG_WARN_INFINITE_RECURSION = YES;
				CLANG_WARN_INT_CONVERSION = YES;
				CLANG_WARN_NON_LITERAL_NULL_CONVERSION = YES;
				CLANG_WARN_OBJC_LITERAL_CONVERSION = YES;
				CLANG_WARN_OBJC_ROOT_CLASS = YES_ERROR;
				CLANG_WARN_RANGE_LOOP_ANALYSIS = YES;
				CLANG_WARN_STRICT_PROTOTYPES = YES;
				CLANG_WARN_SUSPICIOUS_MOVE = YES;
				CLANG_WARN_SUSPICIOUS_MOVES = YES;
				CLANG_WARN_UNREACHABLE_CODE = YES;
				CLANG_WARN__DUPLICATE_METHOD_MATCH = YES;
				"CODE_SIGN_IDENTITY[sdk=iphoneos*]" = "iPhone Developer";
				COPY_PHASE_STRIP = NO;
				DEBUG_INFORMATION_FORMAT = dwarf;
				ENABLE_STRICT_OBJC_MSGSEND = YES;
				ENABLE_TESTABILITY = YES;
				GCC_C_LANGUAGE_STANDARD = gnu99;
				GCC_DYNAMIC_NO_PIC = NO;
				GCC_NO_COMMON_BLOCKS = YES;
				GCC_OPTIMIZATION_LEVEL = 0;
				GCC_PREPROCESSOR_DEFINITIONS = (
					"DEBUG=1",
					"$(inherited)",
				);
				GCC_WARN_64_TO_32_BIT_CONVERSION = YES;
				GCC_WARN_ABOUT_RETURN_TYPE = YES_ERROR;
				GCC_WARN_UNDECLARED_SELECTOR = YES;
				GCC_WARN_UNINITIALIZED_AUTOS = YES_AGGRESSIVE;
				GCC_WARN_UNUSED_FUNCTION = YES;
				GCC_WARN_UNUSED_VARIABLE = YES;
				IPHONEOS_DEPLOYMENT_TARGET = 10.0;
				MTL_ENABLE_DEBUG_INFO = YES;
				ONLY_ACTIVE_ARCH = YES;
				SDKROOT = iphoneos;
				TARGETED_DEVICE_FAMILY = "1,2";
			};
			name = Debug;
		};
		BD2DE8151D9EA75700F33477 /* Release */ = {
			isa = XCBuildConfiguration;
			buildSettings = {
				ALWAYS_SEARCH_USER_PATHS = NO;
				CLANG_ANALYZER_NONNULL = YES;
				CLANG_CXX_LANGUAGE_STANDARD = "gnu++0x";
				CLANG_CXX_LIBRARY = "libc++";
				CLANG_ENABLE_MODULES = YES;
				CLANG_ENABLE_OBJC_ARC = YES;
				CLANG_WARN_BLOCK_CAPTURE_AUTORELEASING = YES;
				CLANG_WARN_BOOL_CONVERSION = YES;
				CLANG_WARN_COMMA = YES;
				CLANG_WARN_CONSTANT_CONVERSION = YES;
				CLANG_WARN_DIRECT_OBJC_ISA_USAGE = YES_ERROR;
				CLANG_WARN_DOCUMENTATION_COMMENTS = YES;
				CLANG_WARN_EMPTY_BODY = YES;
				CLANG_WARN_ENUM_CONVERSION = YES;
				CLANG_WARN_INFINITE_RECURSION = YES;
				CLANG_WARN_INT_CONVERSION = YES;
				CLANG_WARN_NON_LITERAL_NULL_CONVERSION = YES;
				CLANG_WARN_OBJC_LITERAL_CONVERSION = YES;
				CLANG_WARN_OBJC_ROOT_CLASS = YES_ERROR;
				CLANG_WARN_RANGE_LOOP_ANALYSIS = YES;
				CLANG_WARN_STRICT_PROTOTYPES = YES;
				CLANG_WARN_SUSPICIOUS_MOVE = YES;
				CLANG_WARN_SUSPICIOUS_MOVES = YES;
				CLANG_WARN_UNREACHABLE_CODE = YES;
				CLANG_WARN__DUPLICATE_METHOD_MATCH = YES;
				"CODE_SIGN_IDENTITY[sdk=iphoneos*]" = "iPhone Developer";
				COPY_PHASE_STRIP = NO;
				DEBUG_INFORMATION_FORMAT = "dwarf-with-dsym";
				ENABLE_NS_ASSERTIONS = NO;
				ENABLE_STRICT_OBJC_MSGSEND = YES;
				GCC_C_LANGUAGE_STANDARD = gnu99;
				GCC_NO_COMMON_BLOCKS = YES;
				GCC_WARN_64_TO_32_BIT_CONVERSION = YES;
				GCC_WARN_ABOUT_RETURN_TYPE = YES_ERROR;
				GCC_WARN_UNDECLARED_SELECTOR = YES;
				GCC_WARN_UNINITIALIZED_AUTOS = YES_AGGRESSIVE;
				GCC_WARN_UNUSED_FUNCTION = YES;
				GCC_WARN_UNUSED_VARIABLE = YES;
				IPHONEOS_DEPLOYMENT_TARGET = 10.0;
				MTL_ENABLE_DEBUG_INFO = NO;
				SDKROOT = iphoneos;
				TARGETED_DEVICE_FAMILY = "1,2";
				VALIDATE_PRODUCT = YES;
			};
			name = Release;
		};
		BD2DE8171D9EA75700F33477 /* Debug */ = {
			isa = XCBuildConfiguration;
			baseConfigurationReference = EBD768C80E32182B6A5523EB /* Pods-BrainStormer.debug.xcconfig */;
			buildSettings = {
				ASSETCATALOG_COMPILER_APPICON_NAME = AppIcon;
				DEVELOPMENT_TEAM = DXJ7AC4744;
				FRAMEWORK_SEARCH_PATHS = (
					"$(inherited)",
					"$(PROJECT_DIR)/BrainStormer",
					"~/Documents/FacebookSDK",
				);
				HEADER_SEARCH_PATHS = (
					"$(inherited)",
					"\"${PODS_ROOT}/Headers/Public\"",
					"\"${PODS_ROOT}/Headers/Public/AVOSCloud\"",
					"\"${PODS_ROOT}/Headers/Public/AVOSCloudIM\"",
					"\"${PODS_ROOT}/Headers/Public/CYLDeallocBlockExecutor\"",
					"\"${PODS_ROOT}/Headers/Public/ChatKit\"",
					"\"${PODS_ROOT}/Headers/Public/DACircularProgress\"",
					"\"${PODS_ROOT}/Headers/Public/FDStackView\"",
					"\"${PODS_ROOT}/Headers/Public/FMDB\"",
					"\"${PODS_ROOT}/Headers/Public/MBProgressHUD\"",
					"\"${PODS_ROOT}/Headers/Public/MJRefresh\"",
					"\"${PODS_ROOT}/Headers/Public/MLLabel\"",
					"\"${PODS_ROOT}/Headers/Public/MWPhotoBrowser\"",
					"\"${PODS_ROOT}/Headers/Public/Masonry\"",
					"\"${PODS_ROOT}/Headers/Public/SDWebImage\"",
					"\"${PODS_ROOT}/Headers/Public/UITableView+FDTemplateLayoutCell\"",
					"\"${PODS_ROOT}/Headers/Public/pop\"",
				);
				INFOPLIST_FILE = BrainStormer/Info.plist;
				IPHONEOS_DEPLOYMENT_TARGET = 11.2;
				LD_RUNPATH_SEARCH_PATHS = "$(inherited) @executable_path/Frameworks";
				PRODUCT_BUNDLE_IDENTIFIER = Lun.BrainStorm;
				PRODUCT_NAME = "$(TARGET_NAME)";
				TARGETED_DEVICE_FAMILY = 1;
			};
			name = Debug;
		};
		BD2DE8181D9EA75700F33477 /* Release */ = {
			isa = XCBuildConfiguration;
			baseConfigurationReference = BFF344B3DB490AF49DA0322E /* Pods-BrainStormer.release.xcconfig */;
			buildSettings = {
				ASSETCATALOG_COMPILER_APPICON_NAME = AppIcon;
				DEVELOPMENT_TEAM = DXJ7AC4744;
				FRAMEWORK_SEARCH_PATHS = (
					"$(inherited)",
					"$(PROJECT_DIR)/BrainStormer",
					"~/Documents/FacebookSDK",
				);
				HEADER_SEARCH_PATHS = (
					"$(inherited)",
					"\"${PODS_ROOT}/Headers/Public\"",
					"\"${PODS_ROOT}/Headers/Public/AVOSCloud\"",
					"\"${PODS_ROOT}/Headers/Public/AVOSCloudIM\"",
					"\"${PODS_ROOT}/Headers/Public/CYLDeallocBlockExecutor\"",
					"\"${PODS_ROOT}/Headers/Public/ChatKit\"",
					"\"${PODS_ROOT}/Headers/Public/DACircularProgress\"",
					"\"${PODS_ROOT}/Headers/Public/FDStackView\"",
					"\"${PODS_ROOT}/Headers/Public/FMDB\"",
					"\"${PODS_ROOT}/Headers/Public/MBProgressHUD\"",
					"\"${PODS_ROOT}/Headers/Public/MJRefresh\"",
					"\"${PODS_ROOT}/Headers/Public/MLLabel\"",
					"\"${PODS_ROOT}/Headers/Public/MWPhotoBrowser\"",
					"\"${PODS_ROOT}/Headers/Public/Masonry\"",
					"\"${PODS_ROOT}/Headers/Public/SDWebImage\"",
					"\"${PODS_ROOT}/Headers/Public/UITableView+FDTemplateLayoutCell\"",
					"\"${PODS_ROOT}/Headers/Public/pop\"",
				);
				INFOPLIST_FILE = BrainStormer/Info.plist;
				IPHONEOS_DEPLOYMENT_TARGET = 11.2;
				LD_RUNPATH_SEARCH_PATHS = "$(inherited) @executable_path/Frameworks";
				PRODUCT_BUNDLE_IDENTIFIER = Lun.BrainStorm;
				PRODUCT_NAME = "$(TARGET_NAME)";
				TARGETED_DEVICE_FAMILY = 1;
			};
			name = Release;
		};
		BD2DE81A1D9EA75700F33477 /* Debug */ = {
			isa = XCBuildConfiguration;
			buildSettings = {
				BUNDLE_LOADER = "$(TEST_HOST)";
				INFOPLIST_FILE = BrainStormerTests/Info.plist;
				LD_RUNPATH_SEARCH_PATHS = "$(inherited) @executable_path/Frameworks @loader_path/Frameworks";
				PRODUCT_BUNDLE_IDENTIFIER = Lun.BrainStormerTests;
				PRODUCT_NAME = "$(TARGET_NAME)";
				TEST_HOST = "$(BUILT_PRODUCTS_DIR)/BrainStormer.app/BrainStormer";
			};
			name = Debug;
		};
		BD2DE81B1D9EA75700F33477 /* Release */ = {
			isa = XCBuildConfiguration;
			buildSettings = {
				BUNDLE_LOADER = "$(TEST_HOST)";
				INFOPLIST_FILE = BrainStormerTests/Info.plist;
				LD_RUNPATH_SEARCH_PATHS = "$(inherited) @executable_path/Frameworks @loader_path/Frameworks";
				PRODUCT_BUNDLE_IDENTIFIER = Lun.BrainStormerTests;
				PRODUCT_NAME = "$(TARGET_NAME)";
				TEST_HOST = "$(BUILT_PRODUCTS_DIR)/BrainStormer.app/BrainStormer";
			};
			name = Release;
		};
		BD2DE81D1D9EA75700F33477 /* Debug */ = {
			isa = XCBuildConfiguration;
			buildSettings = {
				INFOPLIST_FILE = BrainStormerUITests/Info.plist;
				LD_RUNPATH_SEARCH_PATHS = "$(inherited) @executable_path/Frameworks @loader_path/Frameworks";
				PRODUCT_BUNDLE_IDENTIFIER = Lun.BrainStormerUITests;
				PRODUCT_NAME = "$(TARGET_NAME)";
				TEST_TARGET_NAME = BrainStormer;
			};
			name = Debug;
		};
		BD2DE81E1D9EA75700F33477 /* Release */ = {
			isa = XCBuildConfiguration;
			buildSettings = {
				INFOPLIST_FILE = BrainStormerUITests/Info.plist;
				LD_RUNPATH_SEARCH_PATHS = "$(inherited) @executable_path/Frameworks @loader_path/Frameworks";
				PRODUCT_BUNDLE_IDENTIFIER = Lun.BrainStormerUITests;
				PRODUCT_NAME = "$(TARGET_NAME)";
				TEST_TARGET_NAME = BrainStormer;
			};
			name = Release;
		};
/* End XCBuildConfiguration section */

/* Begin XCConfigurationList section */
		BD2DE7E41D9EA75700F33477 /* Build configuration list for PBXProject "BrainStormer" */ = {
			isa = XCConfigurationList;
			buildConfigurations = (
				BD2DE8141D9EA75700F33477 /* Debug */,
				BD2DE8151D9EA75700F33477 /* Release */,
			);
			defaultConfigurationIsVisible = 0;
			defaultConfigurationName = Release;
		};
		BD2DE8161D9EA75700F33477 /* Build configuration list for PBXNativeTarget "BrainStormer" */ = {
			isa = XCConfigurationList;
			buildConfigurations = (
				BD2DE8171D9EA75700F33477 /* Debug */,
				BD2DE8181D9EA75700F33477 /* Release */,
			);
			defaultConfigurationIsVisible = 0;
			defaultConfigurationName = Release;
		};
		BD2DE8191D9EA75700F33477 /* Build configuration list for PBXNativeTarget "BrainStormerTests" */ = {
			isa = XCConfigurationList;
			buildConfigurations = (
				BD2DE81A1D9EA75700F33477 /* Debug */,
				BD2DE81B1D9EA75700F33477 /* Release */,
			);
			defaultConfigurationIsVisible = 0;
			defaultConfigurationName = Release;
		};
		BD2DE81C1D9EA75700F33477 /* Build configuration list for PBXNativeTarget "BrainStormerUITests" */ = {
			isa = XCConfigurationList;
			buildConfigurations = (
				BD2DE81D1D9EA75700F33477 /* Debug */,
				BD2DE81E1D9EA75700F33477 /* Release */,
			);
			defaultConfigurationIsVisible = 0;
			defaultConfigurationName = Release;
		};
/* End XCConfigurationList section */
	};
	rootObject = BD2DE7E11D9EA75700F33477 /* Project object */;
}
